
Microsoft Visual Studio Solution File, Format Version 12.00
# Visual Studio Version 17
VisualStudioVersion = 17.11.35327.3
MinimumVisualStudioVersion = 10.0.40219.1
Project("{FAE04EC0-301F-11D3-BF4B-00C04F79EFBC}") = "Ass1", "Ass1\Ass1.csproj", "{5A9CD2E7-D30F-4EC3-9EFD-EB14B7DFB13D}"
EndProject
Project("{FAE04EC0-301F-11D3-BF4B-00C04F79EFBC}") = "Ass2", "Ass2\Ass2.csproj", "{DFD34C6C-74AC-412E-8E3F-9E39DB5C4BB3}"
EndProject
Project("{FAE04EC0-301F-11D3-BF4B-00C04F79EFBC}") = "Ass3", "Ass3\Ass3.csproj", "{2BCDA20B-62DC-48E7-AC42-24BE7E4EF00F}"
EndProject
Project("{FAE04EC0-301F-11D3-BF4B-00C04F79EFBC}") = "Ass4", "Ass4\Ass4.csproj", "{559F16EB-5FE4-4F8B-BE5F-84B1B0C4C718}"
EndProject
Project("{FAE04EC0-301F-11D3-BF4B-00C04F79EFBC}") = "ASS5", "ASS5\ASS5.csproj", "{753504EC-3EBE-46E8-A147-D1588B733B8E}"
EndProject
Global
	GlobalSection(SolutionConfigurationPlatforms) = preSolution
		Debug|Any CPU = Debug|Any CPU
		Release|Any CPU = Release|Any CPU
	EndGlobalSection
	GlobalSection(ProjectConfigurationPlatforms) = postSolution
		{5A9CD2E7-D30F-4EC3-9EFD-EB14B7DFB13D}.Debug|Any CPU.ActiveCfg = Debug|Any CPU
		{5A9CD2E7-D30F-4EC3-9EFD-EB14B7DFB13D}.Debug|Any CPU.Build.0 = Debug|Any CPU
		{5A9CD2E7-D30F-4EC3-9EFD-EB14B7DFB13D}.Release|Any CPU.ActiveCfg = Release|Any CPU
		{5A9CD2E7-D30F-4EC3-9EFD-EB14B7DFB13D}.Release|Any CPU.Build.0 = Release|Any CPU
		{DFD34C6C-74AC-412E-8E3F-9E39DB5C4BB3}.Debug|Any CPU.ActiveCfg = Debug|Any CPU
		{DFD34C6C-74AC-412E-8E3F-9E39DB5C4BB3}.Debug|Any CPU.Build.0 = Debug|Any CPU
		{DFD34C6C-74AC-412E-8E3F-9E39DB5C4BB3}.Release|Any CPU.ActiveCfg = Release|Any CPU
		{DFD34C6C-74AC-412E-8E3F-9E39DB5C4BB3}.Release|Any CPU.Build.0 = Release|Any CPU
		{2BCDA20B-62DC-48E7-AC42-24BE7E4EF00F}.Debug|Any CPU.ActiveCfg = Debug|Any CPU
		{2BCDA20B-62DC-48E7-AC42-24BE7E4EF00F}.Debug|Any CPU.Build.0 = Debug|Any CPU
		{2BCDA20B-62DC-48E7-AC42-24BE7E4EF00F}.Release|Any CPU.ActiveCfg = Release|Any CPU
		{2BCDA20B-62DC-48E7-AC42-24BE7E4EF00F}.Release|Any CPU.Build.0 = Release|Any CPU
		{559F16EB-5FE4-4F8B-BE5F-84B1B0C4C718}.Debug|Any CPU.ActiveCfg = Debug|Any CPU
		{559F16EB-5FE4-4F8B-BE5F-84B1B0C4C718}.Debug|Any CPU.Build.0 = Debug|Any CPU
		{559F16EB-5FE4-4F8B-BE5F-84B1B0C4C718}.Release|Any CPU.ActiveCfg = Release|Any CPU
		{559F16EB-5FE4-4F8B-BE5F-84B1B0C4C718}.Release|Any CPU.Build.0 = Release|Any CPU
		{753504EC-3EBE-46E8-A147-D1588B733B8E}.Debug|Any CPU.ActiveCfg = Debug|Any CPU
		{753504EC-3EBE-46E8-A147-D1588B733B8E}.Debug|Any CPU.Build.0 = Debug|Any CPU
		{753504EC-3EBE-46E8-A147-D1588B733B8E}.Release|Any CPU.ActiveCfg = Release|Any CPU
		{753504EC-3EBE-46E8-A147-D1588B733B8E}.Release|Any CPU.Build.0 = Release|Any CPU
	EndGlobalSection
	GlobalSection(SolutionProperties) = preSolution
		HideSolutionNode = FALSE
	EndGlobalSection
	GlobalSection(ExtensibilityGlobals) = postSolution
		SolutionGuid = {65E1D50B-7857-43BD-8DED-11C38C8AE74D}
	EndGlobalSection
EndGlobal
